
Microsoft Visual Studio Solution File, Format Version 12.00
# Visual Studio Version 16
VisualStudioVersion = 16.0.31729.503
MinimumVisualStudioVersion = 10.0.40219.1
Project("{FAE04EC0-301F-11D3-BF4B-00C04F79EFBC}") = "Project", "Project.csproj", "{E3F8466D-74F5-4C4E-BEF8-E3ACBEEA7671}"
EndProject
Project("{2150E333-8FDC-42A3-9474-1A3956D46DE8}") = "Solution Items", "Solution Items", "{34272293-DBD1-41B5-9602-B995B688E026}"
	ProjectSection(SolutionItems) = preProject
		.editorconfig = .editorconfig
	EndProjectSection
EndProject
Global
	GlobalSection(SolutionConfigurationPlatforms) = preSolution
		Debug|Any CPU = Debug|Any CPU
		Release|Any CPU = Release|Any CPU
	EndGlobalSection
	GlobalSection(ProjectConfigurationPlatforms) = postSolution
		{E3F8466D-74F5-4C4E-BEF8-E3ACBEEA7671}.Debug|Any CPU.ActiveCfg = Debug|Any CPU
		{E3F8466D-74F5-4C4E-BEF8-E3ACBEEA7671}.Debug|Any CPU.Build.0 = Debug|Any CPU
		{E3F8466D-74F5-4C4E-BEF8-E3ACBEEA7671}.Release|Any CPU.ActiveCfg = Release|Any CPU
		{E3F8466D-74F5-4C4E-BEF8-E3ACBEEA7671}.Release|Any CPU.Build.0 = Release|Any CPU
	EndGlobalSection
	GlobalSection(SolutionProperties) = preSolution
		HideSolutionNode = FALSE
	EndGlobalSection
	GlobalSection(ExtensibilityGlobals) = postSolution
		SolutionGuid = {C4623FC0-49EF-4B75-9773-4E4D9DA7D62B}
	EndGlobalSection
EndGlobal
